
Microsoft Visual Studio Solution File, Format Version 12.00
# Visual Studio Version 17
VisualStudioVersion = 17.9.34723.18
MinimumVisualStudioVersion = 10.0.40219.1
Project("{FAE04EC0-301F-11D3-BF4B-00C04F79EFBC}") = "SEALED METHOD", "SEALED METHOD\SEALED METHOD.csproj", "{493A4CF6-D688-48EA-A807-1260F3553BEA}"
EndProject
Global
	GlobalSection(SolutionConfigurationPlatforms) = preSolution
		Debug|Any CPU = Debug|Any CPU
		Release|Any CPU = Release|Any CPU
	EndGlobalSection
	GlobalSection(ProjectConfigurationPlatforms) = postSolution
		{493A4CF6-D688-48EA-A807-1260F3553BEA}.Debug|Any CPU.ActiveCfg = Debug|Any CPU
		{493A4CF6-D688-48EA-A807-1260F3553BEA}.Debug|Any CPU.Build.0 = Debug|Any CPU
		{493A4CF6-D688-48EA-A807-1260F3553BEA}.Release|Any CPU.ActiveCfg = Release|Any CPU
		{493A4CF6-D688-48EA-A807-1260F3553BEA}.Release|Any CPU.Build.0 = Release|Any CPU
	EndGlobalSection
	GlobalSection(SolutionProperties) = preSolution
		HideSolutionNode = FALSE
	EndGlobalSection
	GlobalSection(ExtensibilityGlobals) = postSolution
		SolutionGuid = {85E17F47-DC7D-422B-9A67-BAB41AB2E95F}
	EndGlobalSection
EndGlobal
